
Microsoft Visual Studio Solution File, Format Version 12.00
# Visual Studio Version 17
VisualStudioVersion = 17.10.35122.118
MinimumVisualStudioVersion = 10.0.40219.1
Project("{9A19103F-16F7-4668-BE54-9A1E7A4F7556}") = "Spree", "Spree\Spree.csproj", "{94C314CA-0949-42F8-8837-E947E90685A4}"
EndProject
Project("{9A19103F-16F7-4668-BE54-9A1E7A4F7556}") = "Spree.Client", "Spree.Client\Spree.Client.csproj", "{6B879432-E208-443A-8E16-8B76E30B26F7}"
EndProject
Project("{9A19103F-16F7-4668-BE54-9A1E7A4F7556}") = "Spree.Library", "..\Spree.ClassLibrary\Spree.Library.csproj", "{0AB071B3-322E-4840-8AF5-963CC4F9795A}"
EndProject
Global
	GlobalSection(SolutionConfigurationPlatforms) = preSolution
		Debug|Any CPU = Debug|Any CPU
		Release|Any CPU = Release|Any CPU
	EndGlobalSection
	GlobalSection(ProjectConfigurationPlatforms) = postSolution
		{94C314CA-0949-42F8-8837-E947E90685A4}.Debug|Any CPU.ActiveCfg = Debug|Any CPU
		{94C314CA-0949-42F8-8837-E947E90685A4}.Debug|Any CPU.Build.0 = Debug|Any CPU
		{94C314CA-0949-42F8-8837-E947E90685A4}.Release|Any CPU.ActiveCfg = Release|Any CPU
		{94C314CA-0949-42F8-8837-E947E90685A4}.Release|Any CPU.Build.0 = Release|Any CPU
		{6B879432-E208-443A-8E16-8B76E30B26F7}.Debug|Any CPU.ActiveCfg = Debug|Any CPU
		{6B879432-E208-443A-8E16-8B76E30B26F7}.Debug|Any CPU.Build.0 = Debug|Any CPU
		{6B879432-E208-443A-8E16-8B76E30B26F7}.Release|Any CPU.ActiveCfg = Release|Any CPU
		{6B879432-E208-443A-8E16-8B76E30B26F7}.Release|Any CPU.Build.0 = Release|Any CPU
		{0AB071B3-322E-4840-8AF5-963CC4F9795A}.Debug|Any CPU.ActiveCfg = Debug|Any CPU
		{0AB071B3-322E-4840-8AF5-963CC4F9795A}.Debug|Any CPU.Build.0 = Debug|Any CPU
		{0AB071B3-322E-4840-8AF5-963CC4F9795A}.Release|Any CPU.ActiveCfg = Release|Any CPU
		{0AB071B3-322E-4840-8AF5-963CC4F9795A}.Release|Any CPU.Build.0 = Release|Any CPU
	EndGlobalSection
	GlobalSection(SolutionProperties) = preSolution
		HideSolutionNode = FALSE
	EndGlobalSection
	GlobalSection(ExtensibilityGlobals) = postSolution
		SolutionGuid = {8F7BE522-29E2-4B33-AFD1-E7915217D24C}
	EndGlobalSection
EndGlobal
